// !$*UTF8*$!
{
	archiveVersion = 1;
	classes = {
	};
	objectVersion = 46;
	objects = {

/* Begin PBXBuildFile section */
		6F0CAA0A18B3705400AE42F9 /* Foundation.framework in Frameworks */ = {isa = PBXBuildFile; fileRef = 6F0CAA0918B3705400AE42F9 /* Foundation.framework */; };
		6F0CAA0C18B3705400AE42F9 /* CoreGraphics.framework in Frameworks */ = {isa = PBXBuildFile; fileRef = 6F0CAA0B18B3705400AE42F9 /* CoreGraphics.framework */; };
		6F0CAA0E18B3705400AE42F9 /* UIKit.framework in Frameworks */ = {isa = PBXBuildFile; fileRef = 6F0CAA0D18B3705400AE42F9 /* UIKit.framework */; };
		6F0CAA1418B3705400AE42F9 /* InfoPlist.strings in Resources */ = {isa = PBXBuildFile; fileRef = 6F0CAA1218B3705400AE42F9 /* InfoPlist.strings */; };
		6F0CAA1618B3705400AE42F9 /* main.m in Sources */ = {isa = PBXBuildFile; fileRef = 6F0CAA1518B3705400AE42F9 /* main.m */; };
		6F0CAA1A18B3705400AE42F9 /* AppDelegate.m in Sources */ = {isa = PBXBuildFile; fileRef = 6F0CAA1918B3705400AE42F9 /* AppDelegate.m */; };
		6F0CAA1C18B3705400AE42F9 /* Images.xcassets in Resources */ = {isa = PBXBuildFile; fileRef = 6F0CAA1B18B3705400AE42F9 /* Images.xcassets */; };
		6F0CAA2318B3705400AE42F9 /* XCTest.framework in Frameworks */ = {isa = PBXBuildFile; fileRef = 6F0CAA2218B3705400AE42F9 /* XCTest.framework */; };
		6F0CAA2418B3705500AE42F9 /* Foundation.framework in Frameworks */ = {isa = PBXBuildFile; fileRef = 6F0CAA0918B3705400AE42F9 /* Foundation.framework */; };
		6F0CAA2518B3705500AE42F9 /* UIKit.framework in Frameworks */ = {isa = PBXBuildFile; fileRef = 6F0CAA0D18B3705400AE42F9 /* UIKit.framework */; };
		6F0CAA2D18B3705500AE42F9 /* InfoPlist.strings in Resources */ = {isa = PBXBuildFile; fileRef = 6F0CAA2B18B3705500AE42F9 /* InfoPlist.strings */; };
		6F0CAA2F18B3705500AE42F9 /* CinemAppTests.m in Sources */ = {isa = PBXBuildFile; fileRef = 6F0CAA2E18B3705500AE42F9 /* CinemAppTests.m */; };
		6F0CAA4418B3709200AE42F9 /* ImageEffects.m in Sources */ = {isa = PBXBuildFile; fileRef = 6F0CAA3918B3709200AE42F9 /* ImageEffects.m */; };
		6F0CAA4518B3709200AE42F9 /* HomeViewController.m in Sources */ = {isa = PBXBuildFile; fileRef = 6F0CAA3B18B3709200AE42F9 /* HomeViewController.m */; };
		6F0CAA4618B3709200AE42F9 /* ExploreViewController.m in Sources */ = {isa = PBXBuildFile; fileRef = 6F0CAA3D18B3709200AE42F9 /* ExploreViewController.m */; };
		6F0CAA4718B3709200AE42F9 /* RateViewController.m in Sources */ = {isa = PBXBuildFile; fileRef = 6F0CAA3F18B3709200AE42F9 /* RateViewController.m */; };
		6F0CAA4818B3709200AE42F9 /* ActivityViewController.m in Sources */ = {isa = PBXBuildFile; fileRef = 6F0CAA4118B3709200AE42F9 /* ActivityViewController.m */; };
		6F0CAA4918B3709200AE42F9 /* ProfileViewController.m in Sources */ = {isa = PBXBuildFile; fileRef = 6F0CAA4318B3709200AE42F9 /* ProfileViewController.m */; };
		6F16175E18BBBA4800754A10 /* RateSearchViewController.m in Sources */ = {isa = PBXBuildFile; fileRef = 6F16175C18BBBA4800754A10 /* RateSearchViewController.m */; };
		6F39372918F29AD10026AB4C /* Reachability.m in Sources */ = {isa = PBXBuildFile; fileRef = 6F39372818F29AD10026AB4C /* Reachability.m */; };
		6F46491D18F404DA00A85584 /* Parse.framework in Frameworks */ = {isa = PBXBuildFile; fileRef = 6F46491C18F404DA00A85584 /* Parse.framework */; };
		6F46491F18F404FA00A85584 /* AudioToolbox.framework in Frameworks */ = {isa = PBXBuildFile; fileRef = 6F46491E18F404FA00A85584 /* AudioToolbox.framework */; };
		6F46492118F4050100A85584 /* CFNetwork.framework in Frameworks */ = {isa = PBXBuildFile; fileRef = 6F46492018F4050100A85584 /* CFNetwork.framework */; };
		6F46492318F4051200A85584 /* CoreLocation.framework in Frameworks */ = {isa = PBXBuildFile; fileRef = 6F46492218F4051200A85584 /* CoreLocation.framework */; };
		6F46492518F4051900A85584 /* libz.dylib in Frameworks */ = {isa = PBXBuildFile; fileRef = 6F46492418F4051900A85584 /* libz.dylib */; };
		6F46492718F4052000A85584 /* MobileCoreServices.framework in Frameworks */ = {isa = PBXBuildFile; fileRef = 6F46492618F4052000A85584 /* MobileCoreServices.framework */; };
		6F46492918F4052400A85584 /* QuartzCore.framework in Frameworks */ = {isa = PBXBuildFile; fileRef = 6F46492818F4052400A85584 /* QuartzCore.framework */; };
		6F46492B18F4052800A85584 /* Security.framework in Frameworks */ = {isa = PBXBuildFile; fileRef = 6F46492A18F4052800A85584 /* Security.framework */; };
		6F46492D18F4052D00A85584 /* StoreKit.framework in Frameworks */ = {isa = PBXBuildFile; fileRef = 6F46492C18F4052D00A85584 /* StoreKit.framework */; };
		6F46492F18F4053300A85584 /* SystemConfiguration.framework in Frameworks */ = {isa = PBXBuildFile; fileRef = 6F46492E18F4053300A85584 /* SystemConfiguration.framework */; };
		6F955B0118B397A7004C4B70 /* MovieView.m in Sources */ = {isa = PBXBuildFile; fileRef = 6F955B0018B397A7004C4B70 /* MovieView.m */; };
		6F9F75A918B79D7B00B69308 /* LogInViewController.m in Sources */ = {isa = PBXBuildFile; fileRef = 6F9F75A818B79D7B00B69308 /* LogInViewController.m */; };
		6FC0C82B18B6D59300F737EC /* SettingsViewController.m in Sources */ = {isa = PBXBuildFile; fileRef = 6FC0C82A18B6D59300F737EC /* SettingsViewController.m */; };
		6FC18B2118BC273C005B226F /* Movie.m in Sources */ = {isa = PBXBuildFile; fileRef = 6FC18B2018BC273C005B226F /* Movie.m */; };
		7308FDE718B76D0000F93344 /* ActivityTableView.m in Sources */ = {isa = PBXBuildFile; fileRef = 7308FDE618B76D0000F93344 /* ActivityTableView.m */; };
		7315839B20B24CCB9354FBC0 /* libPods.a in Frameworks */ = {isa = PBXBuildFile; fileRef = A0503F7E37414EF9911FF6EE /* libPods.a */; };
		731BE8E818B61EAC0009D8FE /* FilmActivityView.m in Sources */ = {isa = PBXBuildFile; fileRef = 731BE8E718B61EAC0009D8FE /* FilmActivityView.m */; };
		73C7E73118B37A1A00453123 /* RateView.m in Sources */ = {isa = PBXBuildFile; fileRef = 73C7E73018B37A1A00453123 /* RateView.m */; };
		73C8444118F3FE8C0022AF1E /* MovieTableView.m in Sources */ = {isa = PBXBuildFile; fileRef = 73C8444018F3FE8C0022AF1E /* MovieTableView.m */; };
		73C8444418F401060022AF1E /* MovieTableViewController.m in Sources */ = {isa = PBXBuildFile; fileRef = 73C8444318F401060022AF1E /* MovieTableViewController.m */; };
/* End PBXBuildFile section */

/* Begin PBXContainerItemProxy section */
		6F0CAA2618B3705500AE42F9 /* PBXContainerItemProxy */ = {
			isa = PBXContainerItemProxy;
			containerPortal = 6F0CA9FE18B3705400AE42F9 /* Project object */;
			proxyType = 1;
			remoteGlobalIDString = 6F0CAA0518B3705400AE42F9;
			remoteInfo = CinemApp;
		};
/* End PBXContainerItemProxy section */

/* Begin PBXFileReference section */
		6F0CAA0618B3705400AE42F9 /* CinemApp.app */ = {isa = PBXFileReference; explicitFileType = wrapper.application; includeInIndex = 0; path = CinemApp.app; sourceTree = BUILT_PRODUCTS_DIR; };
		6F0CAA0918B3705400AE42F9 /* Foundation.framework */ = {isa = PBXFileReference; lastKnownFileType = wrapper.framework; name = Foundation.framework; path = System/Library/Frameworks/Foundation.framework; sourceTree = SDKROOT; };
		6F0CAA0B18B3705400AE42F9 /* CoreGraphics.framework */ = {isa = PBXFileReference; lastKnownFileType = wrapper.framework; name = CoreGraphics.framework; path = System/Library/Frameworks/CoreGraphics.framework; sourceTree = SDKROOT; };
		6F0CAA0D18B3705400AE42F9 /* UIKit.framework */ = {isa = PBXFileReference; lastKnownFileType = wrapper.framework; name = UIKit.framework; path = System/Library/Frameworks/UIKit.framework; sourceTree = SDKROOT; };
		6F0CAA1118B3705400AE42F9 /* CinemApp-Info.plist */ = {isa = PBXFileReference; lastKnownFileType = text.plist.xml; path = "CinemApp-Info.plist"; sourceTree = "<group>"; };
		6F0CAA1318B3705400AE42F9 /* en */ = {isa = PBXFileReference; lastKnownFileType = text.plist.strings; name = en; path = en.lproj/InfoPlist.strings; sourceTree = "<group>"; };
		6F0CAA1518B3705400AE42F9 /* main.m */ = {isa = PBXFileReference; lastKnownFileType = sourcecode.c.objc; path = main.m; sourceTree = "<group>"; };
		6F0CAA1718B3705400AE42F9 /* CinemApp-Prefix.pch */ = {isa = PBXFileReference; lastKnownFileType = sourcecode.c.h; path = "CinemApp-Prefix.pch"; sourceTree = "<group>"; };
		6F0CAA1818B3705400AE42F9 /* AppDelegate.h */ = {isa = PBXFileReference; lastKnownFileType = sourcecode.c.h; path = AppDelegate.h; sourceTree = "<group>"; };
		6F0CAA1918B3705400AE42F9 /* AppDelegate.m */ = {isa = PBXFileReference; lastKnownFileType = sourcecode.c.objc; path = AppDelegate.m; sourceTree = "<group>"; };
		6F0CAA1B18B3705400AE42F9 /* Images.xcassets */ = {isa = PBXFileReference; lastKnownFileType = folder.assetcatalog; path = Images.xcassets; sourceTree = "<group>"; };
		6F0CAA2118B3705400AE42F9 /* CinemAppTests.xctest */ = {isa = PBXFileReference; explicitFileType = wrapper.cfbundle; includeInIndex = 0; path = CinemAppTests.xctest; sourceTree = BUILT_PRODUCTS_DIR; };
		6F0CAA2218B3705400AE42F9 /* XCTest.framework */ = {isa = PBXFileReference; lastKnownFileType = wrapper.framework; name = XCTest.framework; path = Library/Frameworks/XCTest.framework; sourceTree = DEVELOPER_DIR; };
		6F0CAA2A18B3705500AE42F9 /* CinemAppTests-Info.plist */ = {isa = PBXFileReference; lastKnownFileType = text.plist.xml; path = "CinemAppTests-Info.plist"; sourceTree = "<group>"; };
		6F0CAA2C18B3705500AE42F9 /* en */ = {isa = PBXFileReference; lastKnownFileType = text.plist.strings; name = en; path = en.lproj/InfoPlist.strings; sourceTree = "<group>"; };
		6F0CAA2E18B3705500AE42F9 /* CinemAppTests.m */ = {isa = PBXFileReference; lastKnownFileType = sourcecode.c.objc; path = CinemAppTests.m; sourceTree = "<group>"; };
		6F0CAA3818B3709200AE42F9 /* ImageEffects.h */ = {isa = PBXFileReference; fileEncoding = 4; lastKnownFileType = sourcecode.c.h; path = ImageEffects.h; sourceTree = "<group>"; };
		6F0CAA3918B3709200AE42F9 /* ImageEffects.m */ = {isa = PBXFileReference; fileEncoding = 4; lastKnownFileType = sourcecode.c.objc; path = ImageEffects.m; sourceTree = "<group>"; };
		6F0CAA3A18B3709200AE42F9 /* HomeViewController.h */ = {isa = PBXFileReference; fileEncoding = 4; lastKnownFileType = sourcecode.c.h; path = HomeViewController.h; sourceTree = "<group>"; };
		6F0CAA3B18B3709200AE42F9 /* HomeViewController.m */ = {isa = PBXFileReference; fileEncoding = 4; lastKnownFileType = sourcecode.c.objc; path = HomeViewController.m; sourceTree = "<group>"; };
		6F0CAA3C18B3709200AE42F9 /* ExploreViewController.h */ = {isa = PBXFileReference; fileEncoding = 4; lastKnownFileType = sourcecode.c.h; path = ExploreViewController.h; sourceTree = "<group>"; };
		6F0CAA3D18B3709200AE42F9 /* ExploreViewController.m */ = {isa = PBXFileReference; fileEncoding = 4; lastKnownFileType = sourcecode.c.objc; path = ExploreViewController.m; sourceTree = "<group>"; };
		6F0CAA3E18B3709200AE42F9 /* RateViewController.h */ = {isa = PBXFileReference; fileEncoding = 4; lastKnownFileType = sourcecode.c.h; path = RateViewController.h; sourceTree = "<group>"; };
		6F0CAA3F18B3709200AE42F9 /* RateViewController.m */ = {isa = PBXFileReference; fileEncoding = 4; lastKnownFileType = sourcecode.c.objc; path = RateViewController.m; sourceTree = "<group>"; };
		6F0CAA4018B3709200AE42F9 /* ActivityViewController.h */ = {isa = PBXFileReference; fileEncoding = 4; lastKnownFileType = sourcecode.c.h; path = ActivityViewController.h; sourceTree = "<group>"; };
		6F0CAA4118B3709200AE42F9 /* ActivityViewController.m */ = {isa = PBXFileReference; fileEncoding = 4; lastKnownFileType = sourcecode.c.objc; path = ActivityViewController.m; sourceTree = "<group>"; };
		6F0CAA4218B3709200AE42F9 /* ProfileViewController.h */ = {isa = PBXFileReference; fileEncoding = 4; lastKnownFileType = sourcecode.c.h; path = ProfileViewController.h; sourceTree = "<group>"; };
		6F0CAA4318B3709200AE42F9 /* ProfileViewController.m */ = {isa = PBXFileReference; fileEncoding = 4; lastKnownFileType = sourcecode.c.objc; path = ProfileViewController.m; sourceTree = "<group>"; };
		6F16175B18BBBA4800754A10 /* RateSearchViewController.h */ = {isa = PBXFileReference; fileEncoding = 4; lastKnownFileType = sourcecode.c.h; path = RateSearchViewController.h; sourceTree = "<group>"; };
		6F16175C18BBBA4800754A10 /* RateSearchViewController.m */ = {isa = PBXFileReference; fileEncoding = 4; lastKnownFileType = sourcecode.c.objc; path = RateSearchViewController.m; sourceTree = "<group>"; };
		6F39372718F29AD10026AB4C /* Reachability.h */ = {isa = PBXFileReference; fileEncoding = 4; lastKnownFileType = sourcecode.c.h; path = Reachability.h; sourceTree = "<group>"; };
		6F39372818F29AD10026AB4C /* Reachability.m */ = {isa = PBXFileReference; fileEncoding = 4; lastKnownFileType = sourcecode.c.objc; path = Reachability.m; sourceTree = "<group>"; };
		6F46491C18F404DA00A85584 /* Parse.framework */ = {isa = PBXFileReference; lastKnownFileType = wrapper.framework; path = Parse.framework; sourceTree = "<group>"; };
		6F46491E18F404FA00A85584 /* AudioToolbox.framework */ = {isa = PBXFileReference; lastKnownFileType = wrapper.framework; name = AudioToolbox.framework; path = System/Library/Frameworks/AudioToolbox.framework; sourceTree = SDKROOT; };
		6F46492018F4050100A85584 /* CFNetwork.framework */ = {isa = PBXFileReference; lastKnownFileType = wrapper.framework; name = CFNetwork.framework; path = System/Library/Frameworks/CFNetwork.framework; sourceTree = SDKROOT; };
		6F46492218F4051200A85584 /* CoreLocation.framework */ = {isa = PBXFileReference; lastKnownFileType = wrapper.framework; name = CoreLocation.framework; path = System/Library/Frameworks/CoreLocation.framework; sourceTree = SDKROOT; };
		6F46492418F4051900A85584 /* libz.dylib */ = {isa = PBXFileReference; lastKnownFileType = "compiled.mach-o.dylib"; name = libz.dylib; path = usr/lib/libz.dylib; sourceTree = SDKROOT; };
		6F46492618F4052000A85584 /* MobileCoreServices.framework */ = {isa = PBXFileReference; lastKnownFileType = wrapper.framework; name = MobileCoreServices.framework; path = System/Library/Frameworks/MobileCoreServices.framework; sourceTree = SDKROOT; };
		6F46492818F4052400A85584 /* QuartzCore.framework */ = {isa = PBXFileReference; lastKnownFileType = wrapper.framework; name = QuartzCore.framework; path = System/Library/Frameworks/QuartzCore.framework; sourceTree = SDKROOT; };
		6F46492A18F4052800A85584 /* Security.framework */ = {isa = PBXFileReference; lastKnownFileType = wrapper.framework; name = Security.framework; path = System/Library/Frameworks/Security.framework; sourceTree = SDKROOT; };
		6F46492C18F4052D00A85584 /* StoreKit.framework */ = {isa = PBXFileReference; lastKnownFileType = wrapper.framework; name = StoreKit.framework; path = System/Library/Frameworks/StoreKit.framework; sourceTree = SDKROOT; };
		6F46492E18F4053300A85584 /* SystemConfiguration.framework */ = {isa = PBXFileReference; lastKnownFileType = wrapper.framework; name = SystemConfiguration.framework; path = System/Library/Frameworks/SystemConfiguration.framework; sourceTree = SDKROOT; };
		6F46493018F4073A00A85584 /* Social.framework */ = {isa = PBXFileReference; lastKnownFileType = wrapper.framework; name = Social.framework; path = System/Library/Frameworks/Social.framework; sourceTree = SDKROOT; };
		6F46493218F4077100A85584 /* libz.1.2.5.dylib */ = {isa = PBXFileReference; lastKnownFileType = "compiled.mach-o.dylib"; name = libz.1.2.5.dylib; path = usr/lib/libz.1.2.5.dylib; sourceTree = SDKROOT; };
		6F46493418F4077900A85584 /* AdSupport.framework */ = {isa = PBXFileReference; lastKnownFileType = wrapper.framework; name = AdSupport.framework; path = System/Library/Frameworks/AdSupport.framework; sourceTree = SDKROOT; };
		6F955AFF18B397A7004C4B70 /* MovieView.h */ = {isa = PBXFileReference; fileEncoding = 4; lastKnownFileType = sourcecode.c.h; path = MovieView.h; sourceTree = "<group>"; };
		6F955B0018B397A7004C4B70 /* MovieView.m */ = {isa = PBXFileReference; fileEncoding = 4; lastKnownFileType = sourcecode.c.objc; path = MovieView.m; sourceTree = "<group>"; };
		6F9F75A718B79D7B00B69308 /* LogInViewController.h */ = {isa = PBXFileReference; fileEncoding = 4; lastKnownFileType = sourcecode.c.h; path = LogInViewController.h; sourceTree = "<group>"; };
		6F9F75A818B79D7B00B69308 /* LogInViewController.m */ = {isa = PBXFileReference; fileEncoding = 4; lastKnownFileType = sourcecode.c.objc; path = LogInViewController.m; sourceTree = "<group>"; };
		6FC0C82918B6D59300F737EC /* SettingsViewController.h */ = {isa = PBXFileReference; fileEncoding = 4; lastKnownFileType = sourcecode.c.h; path = SettingsViewController.h; sourceTree = "<group>"; };
		6FC0C82A18B6D59300F737EC /* SettingsViewController.m */ = {isa = PBXFileReference; fileEncoding = 4; lastKnownFileType = sourcecode.c.objc; path = SettingsViewController.m; sourceTree = "<group>"; };
		6FC18B1F18BC273C005B226F /* Movie.h */ = {isa = PBXFileReference; fileEncoding = 4; lastKnownFileType = sourcecode.c.h; path = Movie.h; sourceTree = "<group>"; };
		6FC18B2018BC273C005B226F /* Movie.m */ = {isa = PBXFileReference; fileEncoding = 4; lastKnownFileType = sourcecode.c.objc; path = Movie.m; sourceTree = "<group>"; };
		7308FDE518B76D0000F93344 /* ActivityTableView.h */ = {isa = PBXFileReference; fileEncoding = 4; lastKnownFileType = sourcecode.c.h; path = ActivityTableView.h; sourceTree = "<group>"; };
		7308FDE618B76D0000F93344 /* ActivityTableView.m */ = {isa = PBXFileReference; fileEncoding = 4; lastKnownFileType = sourcecode.c.objc; path = ActivityTableView.m; sourceTree = "<group>"; };
		731BE8E618B61EAC0009D8FE /* FilmActivityView.h */ = {isa = PBXFileReference; fileEncoding = 4; lastKnownFileType = sourcecode.c.h; path = FilmActivityView.h; sourceTree = "<group>"; };
		731BE8E718B61EAC0009D8FE /* FilmActivityView.m */ = {isa = PBXFileReference; fileEncoding = 4; lastKnownFileType = sourcecode.c.objc; path = FilmActivityView.m; sourceTree = "<group>"; };
		73C7E72F18B37A1A00453123 /* RateView.h */ = {isa = PBXFileReference; fileEncoding = 4; lastKnownFileType = sourcecode.c.h; path = RateView.h; sourceTree = "<group>"; };
		73C7E73018B37A1A00453123 /* RateView.m */ = {isa = PBXFileReference; fileEncoding = 4; lastKnownFileType = sourcecode.c.objc; path = RateView.m; sourceTree = "<group>"; };
		73C8443F18F3FE8C0022AF1E /* MovieTableView.h */ = {isa = PBXFileReference; fileEncoding = 4; lastKnownFileType = sourcecode.c.h; path = MovieTableView.h; sourceTree = "<group>"; };
		73C8444018F3FE8C0022AF1E /* MovieTableView.m */ = {isa = PBXFileReference; fileEncoding = 4; lastKnownFileType = sourcecode.c.objc; path = MovieTableView.m; sourceTree = "<group>"; };
		73C8444218F401060022AF1E /* MovieTableViewController.h */ = {isa = PBXFileReference; fileEncoding = 4; lastKnownFileType = sourcecode.c.h; path = MovieTableViewController.h; sourceTree = "<group>"; };
		73C8444318F401060022AF1E /* MovieTableViewController.m */ = {isa = PBXFileReference; fileEncoding = 4; lastKnownFileType = sourcecode.c.objc; path = MovieTableViewController.m; sourceTree = "<group>"; };
		A0503F7E37414EF9911FF6EE /* libPods.a */ = {isa = PBXFileReference; explicitFileType = archive.ar; includeInIndex = 0; path = libPods.a; sourceTree = BUILT_PRODUCTS_DIR; };
		ED5665886EE44C019112E5BC /* Pods.xcconfig */ = {isa = PBXFileReference; includeInIndex = 1; lastKnownFileType = text.xcconfig; name = Pods.xcconfig; path = Pods/Pods.xcconfig; sourceTree = "<group>"; };
/* End PBXFileReference section */

/* Begin PBXFrameworksBuildPhase section */
		6F0CAA0318B3705400AE42F9 /* Frameworks */ = {
			isa = PBXFrameworksBuildPhase;
			buildActionMask = 2147483647;
			files = (
				6F0CAA0E18B3705400AE42F9 /* UIKit.framework in Frameworks */,
				6F0CAA0A18B3705400AE42F9 /* Foundation.framework in Frameworks */,
				6F46491D18F404DA00A85584 /* Parse.framework in Frameworks */,
				6F46492F18F4053300A85584 /* SystemConfiguration.framework in Frameworks */,
				6F46492D18F4052D00A85584 /* StoreKit.framework in Frameworks */,
				6F46492B18F4052800A85584 /* Security.framework in Frameworks */,
				6F46492918F4052400A85584 /* QuartzCore.framework in Frameworks */,
				6F46492718F4052000A85584 /* MobileCoreServices.framework in Frameworks */,
				6F46492518F4051900A85584 /* libz.dylib in Frameworks */,
				6F46492318F4051200A85584 /* CoreLocation.framework in Frameworks */,
				6F0CAA0C18B3705400AE42F9 /* CoreGraphics.framework in Frameworks */,
				6F46492118F4050100A85584 /* CFNetwork.framework in Frameworks */,
				6F46491F18F404FA00A85584 /* AudioToolbox.framework in Frameworks */,
				7315839B20B24CCB9354FBC0 /* libPods.a in Frameworks */,
			);
			runOnlyForDeploymentPostprocessing = 0;
		};
		6F0CAA1E18B3705400AE42F9 /* Frameworks */ = {
			isa = PBXFrameworksBuildPhase;
			buildActionMask = 2147483647;
			files = (
				6F0CAA2318B3705400AE42F9 /* XCTest.framework in Frameworks */,
				6F0CAA2518B3705500AE42F9 /* UIKit.framework in Frameworks */,
				6F0CAA2418B3705500AE42F9 /* Foundation.framework in Frameworks */,
			);
			runOnlyForDeploymentPostprocessing = 0;
		};
/* End PBXFrameworksBuildPhase section */

/* Begin PBXGroup section */
		6F0CA9FD18B3705400AE42F9 = {
			isa = PBXGroup;
			children = (
				6F0CAA0F18B3705400AE42F9 /* CinemApp */,
				6F0CAA2818B3705500AE42F9 /* CinemAppTests */,
				6F0CAA0818B3705400AE42F9 /* Frameworks */,
				6F0CAA0718B3705400AE42F9 /* Products */,
				ED5665886EE44C019112E5BC /* Pods.xcconfig */,
			);
			sourceTree = "<group>";
		};
		6F0CAA0718B3705400AE42F9 /* Products */ = {
			isa = PBXGroup;
			children = (
				6F0CAA0618B3705400AE42F9 /* CinemApp.app */,
				6F0CAA2118B3705400AE42F9 /* CinemAppTests.xctest */,
			);
			name = Products;
			sourceTree = "<group>";
		};
		6F0CAA0818B3705400AE42F9 /* Frameworks */ = {
			isa = PBXGroup;
			children = (
				6F46493418F4077900A85584 /* AdSupport.framework */,
				6F46493218F4077100A85584 /* libz.1.2.5.dylib */,
				6F46493018F4073A00A85584 /* Social.framework */,
				6F46492E18F4053300A85584 /* SystemConfiguration.framework */,
				6F46492C18F4052D00A85584 /* StoreKit.framework */,
				6F46492A18F4052800A85584 /* Security.framework */,
				6F46492818F4052400A85584 /* QuartzCore.framework */,
				6F46492618F4052000A85584 /* MobileCoreServices.framework */,
				6F46492418F4051900A85584 /* libz.dylib */,
				6F46492218F4051200A85584 /* CoreLocation.framework */,
				6F46492018F4050100A85584 /* CFNetwork.framework */,
				6F46491E18F404FA00A85584 /* AudioToolbox.framework */,
				6F46491C18F404DA00A85584 /* Parse.framework */,
				6F0CAA0918B3705400AE42F9 /* Foundation.framework */,
				6F0CAA0B18B3705400AE42F9 /* CoreGraphics.framework */,
				6F0CAA0D18B3705400AE42F9 /* UIKit.framework */,
				6F0CAA2218B3705400AE42F9 /* XCTest.framework */,
				A0503F7E37414EF9911FF6EE /* libPods.a */,
			);
			name = Frameworks;
			sourceTree = "<group>";
		};
		6F0CAA0F18B3705400AE42F9 /* CinemApp */ = {
			isa = PBXGroup;
			children = (
				6F0CAA1818B3705400AE42F9 /* AppDelegate.h */,
				6F0CAA1918B3705400AE42F9 /* AppDelegate.m */,
				6F46491B18F3EE0900A85584 /* Models */,
				73C7E73218B37A4F00453123 /* Views */,
				73C7E73318B37A6400453123 /* Controllers */,
				6F68D7BA18BCC38000457BA4 /* Resources */,
				6F0CAA1B18B3705400AE42F9 /* Images.xcassets */,
				6F0CAA1018B3705400AE42F9 /* Supporting Files */,
			);
			path = CinemApp;
			sourceTree = "<group>";
		};
		6F0CAA1018B3705400AE42F9 /* Supporting Files */ = {
			isa = PBXGroup;
			children = (
				6F0CAA1118B3705400AE42F9 /* CinemApp-Info.plist */,
				6F0CAA1218B3705400AE42F9 /* InfoPlist.strings */,
				6F0CAA1518B3705400AE42F9 /* main.m */,
				6F0CAA1718B3705400AE42F9 /* CinemApp-Prefix.pch */,
			);
			name = "Supporting Files";
			sourceTree = "<group>";
		};
		6F0CAA2818B3705500AE42F9 /* CinemAppTests */ = {
			isa = PBXGroup;
			children = (
				6F0CAA2E18B3705500AE42F9 /* CinemAppTests.m */,
				6F0CAA2918B3705500AE42F9 /* Supporting Files */,
			);
			path = CinemAppTests;
			sourceTree = "<group>";
		};
		6F0CAA2918B3705500AE42F9 /* Supporting Files */ = {
			isa = PBXGroup;
			children = (
				6F0CAA2A18B3705500AE42F9 /* CinemAppTests-Info.plist */,
				6F0CAA2B18B3705500AE42F9 /* InfoPlist.strings */,
			);
			name = "Supporting Files";
			sourceTree = "<group>";
		};
		6F46491B18F3EE0900A85584 /* Models */ = {
			isa = PBXGroup;
			children = (
				6FC18B1F18BC273C005B226F /* Movie.h */,
				6FC18B2018BC273C005B226F /* Movie.m */,
			);
			name = Models;
			sourceTree = "<group>";
		};
		6F68D7BA18BCC38000457BA4 /* Resources */ = {
			isa = PBXGroup;
			children = (
				6F0CAA3818B3709200AE42F9 /* ImageEffects.h */,
				6F0CAA3918B3709200AE42F9 /* ImageEffects.m */,
				6F39372718F29AD10026AB4C /* Reachability.h */,
				6F39372818F29AD10026AB4C /* Reachability.m */,
			);
			name = Resources;
			sourceTree = "<group>";
		};
		73C7E73218B37A4F00453123 /* Views */ = {
			isa = PBXGroup;
			children = (
				7308FDE518B76D0000F93344 /* ActivityTableView.h */,
				7308FDE618B76D0000F93344 /* ActivityTableView.m */,
				731BE8E618B61EAC0009D8FE /* FilmActivityView.h */,
				731BE8E718B61EAC0009D8FE /* FilmActivityView.m */,
				73C7E72F18B37A1A00453123 /* RateView.h */,
				73C7E73018B37A1A00453123 /* RateView.m */,
				6F955AFF18B397A7004C4B70 /* MovieView.h */,
				6F955B0018B397A7004C4B70 /* MovieView.m */,
				73C8443F18F3FE8C0022AF1E /* MovieTableView.h */,
				73C8444018F3FE8C0022AF1E /* MovieTableView.m */,
			);
			name = Views;
			sourceTree = "<group>";
		};
		73C7E73318B37A6400453123 /* Controllers */ = {
			isa = PBXGroup;
			children = (
				73C8444218F401060022AF1E /* MovieTableViewController.h */,
				73C8444318F401060022AF1E /* MovieTableViewController.m */,
				6F9F75A718B79D7B00B69308 /* LogInViewController.h */,
				6F9F75A818B79D7B00B69308 /* LogInViewController.m */,
				6F0CAA3A18B3709200AE42F9 /* HomeViewController.h */,
				6F0CAA3B18B3709200AE42F9 /* HomeViewController.m */,
				6F0CAA3C18B3709200AE42F9 /* ExploreViewController.h */,
				6F0CAA3D18B3709200AE42F9 /* ExploreViewController.m */,
				6F0CAA3E18B3709200AE42F9 /* RateViewController.h */,
				6F0CAA3F18B3709200AE42F9 /* RateViewController.m */,
				6F16175B18BBBA4800754A10 /* RateSearchViewController.h */,
				6F16175C18BBBA4800754A10 /* RateSearchViewController.m */,
				6F0CAA4018B3709200AE42F9 /* ActivityViewController.h */,
				6F0CAA4118B3709200AE42F9 /* ActivityViewController.m */,
				6F0CAA4218B3709200AE42F9 /* ProfileViewController.h */,
				6F0CAA4318B3709200AE42F9 /* ProfileViewController.m */,
				6FC0C82918B6D59300F737EC /* SettingsViewController.h */,
				6FC0C82A18B6D59300F737EC /* SettingsViewController.m */,
			);
			name = Controllers;
			sourceTree = "<group>";
		};
/* End PBXGroup section */

/* Begin PBXNativeTarget section */
		6F0CAA0518B3705400AE42F9 /* CinemApp */ = {
			isa = PBXNativeTarget;
			buildConfigurationList = 6F0CAA3218B3705500AE42F9 /* Build configuration list for PBXNativeTarget "CinemApp" */;
			buildPhases = (
				C555B610B3C242D191D641BF /* Check Pods Manifest.lock */,
				6F0CAA0218B3705400AE42F9 /* Sources */,
				6F0CAA0318B3705400AE42F9 /* Frameworks */,
				6F0CAA0418B3705400AE42F9 /* Resources */,
				5018766054E0453F9CB8A3DB /* Copy Pods Resources */,
			);
			buildRules = (
			);
			dependencies = (
			);
			name = CinemApp;
			productName = CinemApp;
			productReference = 6F0CAA0618B3705400AE42F9 /* CinemApp.app */;
			productType = "com.apple.product-type.application";
		};
		6F0CAA2018B3705400AE42F9 /* CinemAppTests */ = {
			isa = PBXNativeTarget;
			buildConfigurationList = 6F0CAA3518B3705500AE42F9 /* Build configuration list for PBXNativeTarget "CinemAppTests" */;
			buildPhases = (
				6F0CAA1D18B3705400AE42F9 /* Sources */,
				6F0CAA1E18B3705400AE42F9 /* Frameworks */,
				6F0CAA1F18B3705400AE42F9 /* Resources */,
			);
			buildRules = (
			);
			dependencies = (
				6F0CAA2718B3705500AE42F9 /* PBXTargetDependency */,
			);
			name = CinemAppTests;
			productName = CinemAppTests;
			productReference = 6F0CAA2118B3705400AE42F9 /* CinemAppTests.xctest */;
			productType = "com.apple.product-type.bundle.unit-test";
		};
/* End PBXNativeTarget section */

/* Begin PBXProject section */
		6F0CA9FE18B3705400AE42F9 /* Project object */ = {
			isa = PBXProject;
			attributes = {
				LastUpgradeCheck = 0500;
				ORGANIZATIONNAME = "Rosquist Östlund";
				TargetAttributes = {
					6F0CAA2018B3705400AE42F9 = {
						TestTargetID = 6F0CAA0518B3705400AE42F9;
					};
				};
			};
			buildConfigurationList = 6F0CAA0118B3705400AE42F9 /* Build configuration list for PBXProject "CinemApp" */;
			compatibilityVersion = "Xcode 3.2";
			developmentRegion = English;
			hasScannedForEncodings = 0;
			knownRegions = (
				en,
			);
			mainGroup = 6F0CA9FD18B3705400AE42F9;
			productRefGroup = 6F0CAA0718B3705400AE42F9 /* Products */;
			projectDirPath = "";
			projectRoot = "";
			targets = (
				6F0CAA0518B3705400AE42F9 /* CinemApp */,
				6F0CAA2018B3705400AE42F9 /* CinemAppTests */,
			);
		};
/* End PBXProject section */

/* Begin PBXResourcesBuildPhase section */
		6F0CAA0418B3705400AE42F9 /* Resources */ = {
			isa = PBXResourcesBuildPhase;
			buildActionMask = 2147483647;
			files = (
				6F0CAA1418B3705400AE42F9 /* InfoPlist.strings in Resources */,
				6F0CAA1C18B3705400AE42F9 /* Images.xcassets in Resources */,
			);
			runOnlyForDeploymentPostprocessing = 0;
		};
		6F0CAA1F18B3705400AE42F9 /* Resources */ = {
			isa = PBXResourcesBuildPhase;
			buildActionMask = 2147483647;
			files = (
				6F0CAA2D18B3705500AE42F9 /* InfoPlist.strings in Resources */,
			);
			runOnlyForDeploymentPostprocessing = 0;
		};
/* End PBXResourcesBuildPhase section */

/* Begin PBXShellScriptBuildPhase section */
		5018766054E0453F9CB8A3DB /* Copy Pods Resources */ = {
			isa = PBXShellScriptBuildPhase;
			buildActionMask = 2147483647;
			files = (
			);
			inputPaths = (
			);
			name = "Copy Pods Resources";
			outputPaths = (
			);
			runOnlyForDeploymentPostprocessing = 0;
			shellPath = /bin/sh;
			shellScript = "\"${SRCROOT}/Pods/Pods-resources.sh\"\n";
			showEnvVarsInLog = 0;
		};
		C555B610B3C242D191D641BF /* Check Pods Manifest.lock */ = {
			isa = PBXShellScriptBuildPhase;
			buildActionMask = 2147483647;
			files = (
			);
			inputPaths = (
			);
			name = "Check Pods Manifest.lock";
			outputPaths = (
			);
			runOnlyForDeploymentPostprocessing = 0;
			shellPath = /bin/sh;
			shellScript = "diff \"${PODS_ROOT}/../Podfile.lock\" \"${PODS_ROOT}/Manifest.lock\" > /dev/null\nif [[ $? != 0 ]] ; then\n    cat << EOM\nerror: The sandbox is not in sync with the Podfile.lock. Run 'pod install' or update your CocoaPods installation.\nEOM\n    exit 1\nfi\n";
			showEnvVarsInLog = 0;
		};
/* End PBXShellScriptBuildPhase section */

/* Begin PBXSourcesBuildPhase section */
		6F0CAA0218B3705400AE42F9 /* Sources */ = {
			isa = PBXSourcesBuildPhase;
			buildActionMask = 2147483647;
			files = (
				6F0CAA4618B3709200AE42F9 /* ExploreViewController.m in Sources */,
				6F0CAA4418B3709200AE42F9 /* ImageEffects.m in Sources */,
				6FC18B2118BC273C005B226F /* Movie.m in Sources */,
				6F9F75A918B79D7B00B69308 /* LogInViewController.m in Sources */,
				73C7E73118B37A1A00453123 /* RateView.m in Sources */,
				6FC0C82B18B6D59300F737EC /* SettingsViewController.m in Sources */,
				6F0CAA4918B3709200AE42F9 /* ProfileViewController.m in Sources */,
				73C8444118F3FE8C0022AF1E /* MovieTableView.m in Sources */,
				6F16175E18BBBA4800754A10 /* RateSearchViewController.m in Sources */,
				6F0CAA4718B3709200AE42F9 /* RateViewController.m in Sources */,
				731BE8E818B61EAC0009D8FE /* FilmActivityView.m in Sources */,
				73C8444418F401060022AF1E /* MovieTableViewController.m in Sources */,
				7308FDE718B76D0000F93344 /* ActivityTableView.m in Sources */,
				6F955B0118B397A7004C4B70 /* MovieView.m in Sources */,
				6F0CAA1A18B3705400AE42F9 /* AppDelegate.m in Sources */,
				6F0CAA1618B3705400AE42F9 /* main.m in Sources */,
				6F0CAA4818B3709200AE42F9 /* ActivityViewController.m in Sources */,
				6F39372918F29AD10026AB4C /* Reachability.m in Sources */,
				6F0CAA4518B3709200AE42F9 /* HomeViewController.m in Sources */,
			);
			runOnlyForDeploymentPostprocessing = 0;
		};
		6F0CAA1D18B3705400AE42F9 /* Sources */ = {
			isa = PBXSourcesBuildPhase;
			buildActionMask = 2147483647;
			files = (
				6F0CAA2F18B3705500AE42F9 /* CinemAppTests.m in Sources */,
			);
			runOnlyForDeploymentPostprocessing = 0;
		};
/* End PBXSourcesBuildPhase section */

/* Begin PBXTargetDependency section */
		6F0CAA2718B3705500AE42F9 /* PBXTargetDependency */ = {
			isa = PBXTargetDependency;
			target = 6F0CAA0518B3705400AE42F9 /* CinemApp */;
			targetProxy = 6F0CAA2618B3705500AE42F9 /* PBXContainerItemProxy */;
		};
/* End PBXTargetDependency section */

/* Begin PBXVariantGroup section */
		6F0CAA1218B3705400AE42F9 /* InfoPlist.strings */ = {
			isa = PBXVariantGroup;
			children = (
				6F0CAA1318B3705400AE42F9 /* en */,
			);
			name = InfoPlist.strings;
			sourceTree = "<group>";
		};
		6F0CAA2B18B3705500AE42F9 /* InfoPlist.strings */ = {
			isa = PBXVariantGroup;
			children = (
				6F0CAA2C18B3705500AE42F9 /* en */,
			);
			name = InfoPlist.strings;
			sourceTree = "<group>";
		};
/* End PBXVariantGroup section */

/* Begin XCBuildConfiguration section */
		6F0CAA3018B3705500AE42F9 /* Debug */ = {
			isa = XCBuildConfiguration;
			buildSettings = {
				ALWAYS_SEARCH_USER_PATHS = NO;
				ARCHS = "$(ARCHS_STANDARD_INCLUDING_64_BIT)";
				CLANG_CXX_LANGUAGE_STANDARD = "gnu++0x";
				CLANG_CXX_LIBRARY = "libc++";
				CLANG_ENABLE_MODULES = YES;
				CLANG_ENABLE_OBJC_ARC = YES;
				CLANG_WARN_BOOL_CONVERSION = YES;
				CLANG_WARN_CONSTANT_CONVERSION = YES;
				CLANG_WARN_DIRECT_OBJC_ISA_USAGE = YES_ERROR;
				CLANG_WARN_EMPTY_BODY = YES;
				CLANG_WARN_ENUM_CONVERSION = YES;
				CLANG_WARN_INT_CONVERSION = YES;
				CLANG_WARN_OBJC_ROOT_CLASS = YES_ERROR;
				CLANG_WARN__DUPLICATE_METHOD_MATCH = YES;
				"CODE_SIGN_IDENTITY[sdk=iphoneos*]" = "iPhone Developer";
				COPY_PHASE_STRIP = NO;
				GCC_C_LANGUAGE_STANDARD = gnu99;
				GCC_DYNAMIC_NO_PIC = NO;
				GCC_OPTIMIZATION_LEVEL = 0;
				GCC_PREPROCESSOR_DEFINITIONS = (
					"DEBUG=1",
					"$(inherited)",
				);
				GCC_SYMBOLS_PRIVATE_EXTERN = NO;
				GCC_WARN_64_TO_32_BIT_CONVERSION = YES;
				GCC_WARN_ABOUT_RETURN_TYPE = YES_ERROR;
				GCC_WARN_UNDECLARED_SELECTOR = YES;
				GCC_WARN_UNINITIALIZED_AUTOS = YES;
				GCC_WARN_UNUSED_FUNCTION = YES;
				GCC_WARN_UNUSED_VARIABLE = YES;
				IPHONEOS_DEPLOYMENT_TARGET = 7.0;
				ONLY_ACTIVE_ARCH = YES;
				SDKROOT = iphoneos;
			};
			name = Debug;
		};
		6F0CAA3118B3705500AE42F9 /* Release */ = {
			isa = XCBuildConfiguration;
			buildSettings = {
				ALWAYS_SEARCH_USER_PATHS = NO;
				ARCHS = "$(ARCHS_STANDARD_INCLUDING_64_BIT)";
				CLANG_CXX_LANGUAGE_STANDARD = "gnu++0x";
				CLANG_CXX_LIBRARY = "libc++";
				CLANG_ENABLE_MODULES = YES;
				CLANG_ENABLE_OBJC_ARC = YES;
				CLANG_WARN_BOOL_CONVERSION = YES;
				CLANG_WARN_CONSTANT_CONVERSION = YES;
				CLANG_WARN_DIRECT_OBJC_ISA_USAGE = YES_ERROR;
				CLANG_WARN_EMPTY_BODY = YES;
				CLANG_WARN_ENUM_CONVERSION = YES;
				CLANG_WARN_INT_CONVERSION = YES;
				CLANG_WARN_OBJC_ROOT_CLASS = YES_ERROR;
				CLANG_WARN__DUPLICATE_METHOD_MATCH = YES;
				"CODE_SIGN_IDENTITY[sdk=iphoneos*]" = "iPhone Developer";
				COPY_PHASE_STRIP = YES;
				ENABLE_NS_ASSERTIONS = NO;
				GCC_C_LANGUAGE_STANDARD = gnu99;
				GCC_WARN_64_TO_32_BIT_CONVERSION = YES;
				GCC_WARN_ABOUT_RETURN_TYPE = YES_ERROR;
				GCC_WARN_UNDECLARED_SELECTOR = YES;
				GCC_WARN_UNINITIALIZED_AUTOS = YES;
				GCC_WARN_UNUSED_FUNCTION = YES;
				GCC_WARN_UNUSED_VARIABLE = YES;
				IPHONEOS_DEPLOYMENT_TARGET = 7.0;
				SDKROOT = iphoneos;
				VALIDATE_PRODUCT = YES;
			};
			name = Release;
		};
		6F0CAA3318B3705500AE42F9 /* Debug */ = {
			isa = XCBuildConfiguration;
			baseConfigurationReference = ED5665886EE44C019112E5BC /* Pods.xcconfig */;
			buildSettings = {
				ASSETCATALOG_COMPILER_APPICON_NAME = AppIcon;
				ASSETCATALOG_COMPILER_LAUNCHIMAGE_NAME = LaunchImage;
				FRAMEWORK_SEARCH_PATHS = (
					"$(inherited)",
					"$(PROJECT_DIR)",
				);
				GCC_PRECOMPILE_PREFIX_HEADER = YES;
				GCC_PREFIX_HEADER = "CinemApp/CinemApp-Prefix.pch";
				INFOPLIST_FILE = "CinemApp/CinemApp-Info.plist";
				OTHER_LDFLAGS = (
					"-framework",
					CoreGraphics,
					"-framework",
					MobileCoreServices,
					"-framework",
					Security,
					"-framework",
					SystemConfiguration,
				);
				PRODUCT_NAME = "$(TARGET_NAME)";
				WRAPPER_EXTENSION = app;
			};
			name = Debug;
		};
		6F0CAA3418B3705500AE42F9 /* Release */ = {
			isa = XCBuildConfiguration;
			baseConfigurationReference = ED5665886EE44C019112E5BC /* Pods.xcconfig */;
			buildSettings = {
				ASSETCATALOG_COMPILER_APPICON_NAME = AppIcon;
				ASSETCATALOG_COMPILER_LAUNCHIMAGE_NAME = LaunchImage;
				FRAMEWORK_SEARCH_PATHS = (
					"$(inherited)",
					"$(PROJECT_DIR)",
				);
				GCC_PRECOMPILE_PREFIX_HEADER = YES;
				GCC_PREFIX_HEADER = "CinemApp/CinemApp-Prefix.pch";
				INFOPLIST_FILE = "CinemApp/CinemApp-Info.plist";
				OTHER_LDFLAGS = (
					"-framework",
					CoreGraphics,
					"-framework",
					MobileCoreServices,
					"-framework",
					Security,
					"-framework",
					SystemConfiguration,
				);
				PRODUCT_NAME = "$(TARGET_NAME)";
				WRAPPER_EXTENSION = app;
			};
			name = Release;
		};
		6F0CAA3618B3705500AE42F9 /* Debug */ = {
			isa = XCBuildConfiguration;
			buildSettings = {
				ARCHS = "$(ARCHS_STANDARD_INCLUDING_64_BIT)";
				BUNDLE_LOADER = "$(BUILT_PRODUCTS_DIR)/CinemApp.app/CinemApp";
				FRAMEWORK_SEARCH_PATHS = (
					"$(SDKROOT)/Developer/Library/Frameworks",
					"$(inherited)",
					"$(DEVELOPER_FRAMEWORKS_DIR)",
				);
				GCC_PRECOMPILE_PREFIX_HEADER = YES;
				GCC_PREFIX_HEADER = "CinemApp/CinemApp-Prefix.pch";
				GCC_PREPROCESSOR_DEFINITIONS = (
					"DEBUG=1",
					"$(inherited)",
				);
				INFOPLIST_FILE = "CinemAppTests/CinemAppTests-Info.plist";
				PRODUCT_NAME = "$(TARGET_NAME)";
				TEST_HOST = "$(BUNDLE_LOADER)";
				WRAPPER_EXTENSION = xctest;
			};
			name = Debug;
		};
		6F0CAA3718B3705500AE42F9 /* Release */ = {
			isa = XCBuildConfiguration;
			buildSettings = {
				ARCHS = "$(ARCHS_STANDARD_INCLUDING_64_BIT)";
				BUNDLE_LOADER = "$(BUILT_PRODUCTS_DIR)/CinemApp.app/CinemApp";
				FRAMEWORK_SEARCH_PATHS = (
					"$(SDKROOT)/Developer/Library/Frameworks",
					"$(inherited)",
					"$(DEVELOPER_FRAMEWORKS_DIR)",
				);
				GCC_PRECOMPILE_PREFIX_HEADER = YES;
				GCC_PREFIX_HEADER = "CinemApp/CinemApp-Prefix.pch";
				INFOPLIST_FILE = "CinemAppTests/CinemAppTests-Info.plist";
				PRODUCT_NAME = "$(TARGET_NAME)";
				TEST_HOST = "$(BUNDLE_LOADER)";
				WRAPPER_EXTENSION = xctest;
			};
			name = Release;
		};
/* End XCBuildConfiguration section */

/* Begin XCConfigurationList section */
		6F0CAA0118B3705400AE42F9 /* Build configuration list for PBXProject "CinemApp" */ = {
			isa = XCConfigurationList;
			buildConfigurations = (
				6F0CAA3018B3705500AE42F9 /* Debug */,
				6F0CAA3118B3705500AE42F9 /* Release */,
			);
			defaultConfigurationIsVisible = 0;
			defaultConfigurationName = Release;
		};
		6F0CAA3218B3705500AE42F9 /* Build configuration list for PBXNativeTarget "CinemApp" */ = {
			isa = XCConfigurationList;
			buildConfigurations = (
				6F0CAA3318B3705500AE42F9 /* Debug */,
				6F0CAA3418B3705500AE42F9 /* Release */,
			);
			defaultConfigurationIsVisible = 0;
			defaultConfigurationName = Release;
		};
		6F0CAA3518B3705500AE42F9 /* Build configuration list for PBXNativeTarget "CinemAppTests" */ = {
			isa = XCConfigurationList;
			buildConfigurations = (
				6F0CAA3618B3705500AE42F9 /* Debug */,
				6F0CAA3718B3705500AE42F9 /* Release */,
			);
			defaultConfigurationIsVisible = 0;
			defaultConfigurationName = Release;
		};
/* End XCConfigurationList section */
	};
	rootObject = 6F0CA9FE18B3705400AE42F9 /* Project object */;
}
